// !$*UTF8*$!
{
	archiveVersion = 1;
	classes = {
	};
	objectVersion = 56;
	objects = {

/* Begin PBXBuildFile section */
		DF4F00042BF62C50000D361C /* RxCocoa in Frameworks */ = {isa = PBXBuildFile; productRef = DF4F00032BF62C50000D361C /* RxCocoa */; };
		DF4F00062BF62C50000D361C /* RxRelay in Frameworks */ = {isa = PBXBuildFile; productRef = DF4F00052BF62C50000D361C /* RxRelay */; };
		DF4F00082BF62C50000D361C /* RxSwift in Frameworks */ = {isa = PBXBuildFile; productRef = DF4F00072BF62C50000D361C /* RxSwift */; };
		DF4F000B2BF62C5C000D361C /* ReactorKit in Frameworks */ = {isa = PBXBuildFile; productRef = DF4F000A2BF62C5C000D361C /* ReactorKit */; };
		DF4FFFEF2BF62C15000D361C /* AppDelegate.swift in Sources */ = {isa = PBXBuildFile; fileRef = DF4FFFEE2BF62C15000D361C /* AppDelegate.swift */; };
		DF4FFFF12BF62C15000D361C /* SceneDelegate.swift in Sources */ = {isa = PBXBuildFile; fileRef = DF4FFFF02BF62C15000D361C /* SceneDelegate.swift */; };
		DF4FFFF82BF62C16000D361C /* Assets.xcassets in Resources */ = {isa = PBXBuildFile; fileRef = DF4FFFF72BF62C16000D361C /* Assets.xcassets */; };
		DF4FFFFB2BF62C16000D361C /* Base in Resources */ = {isa = PBXBuildFile; fileRef = DF4FFFFA2BF62C16000D361C /* Base */; };
		DF50F6F82BF8EFCE00DDA1EC /* AppFlow.swift in Sources */ = {isa = PBXBuildFile; fileRef = DF50F6F72BF8EFCE00DDA1EC /* AppFlow.swift */; };
		DF50F6FA2BF8EFD500DDA1EC /* NavigationStep.swift in Sources */ = {isa = PBXBuildFile; fileRef = DF50F6F92BF8EFD500DDA1EC /* NavigationStep.swift */; };
		DF50F7022BF8F22900DDA1EC /* AppServices.swift in Sources */ = {isa = PBXBuildFile; fileRef = DF50F7012BF8F22900DDA1EC /* AppServices.swift */; };
		DF50F7062BF90F5000DDA1EC /* SplashReactor.swift in Sources */ = {isa = PBXBuildFile; fileRef = DF50F7052BF90F5000DDA1EC /* SplashReactor.swift */; };
		DF50F70C2BF914DD00DDA1EC /* SplashViewController.swift in Sources */ = {isa = PBXBuildFile; fileRef = DF50F7092BF914DD00DDA1EC /* SplashViewController.swift */; };
		DF50F7142BF9F49700DDA1EC /* Reusable in Frameworks */ = {isa = PBXBuildFile; productRef = DF50F7132BF9F49700DDA1EC /* Reusable */; };
		DF50F7172BF9FCA100DDA1EC /* Swinject in Frameworks */ = {isa = PBXBuildFile; productRef = DF50F7162BF9FCA100DDA1EC /* Swinject */; };
		DF84CDBD2BF7B093006C922C /* RxFlow in Frameworks */ = {isa = PBXBuildFile; productRef = DF84CDBC2BF7B093006C922C /* RxFlow */; };
		DFE838D82BFB1D0F0001CF90 /* Storyboarded.swift in Sources */ = {isa = PBXBuildFile; fileRef = DFE838D72BFB1D0F0001CF90 /* Storyboarded.swift */; };
		DFE838FA2BFB266F0001CF90 /* SplashViewController.storyboard in Resources */ = {isa = PBXBuildFile; fileRef = DFE838F92BFB266F0001CF90 /* SplashViewController.storyboard */; };
		DFE839022BFB465A0001CF90 /* HomeViewController.swift in Sources */ = {isa = PBXBuildFile; fileRef = DFE838FF2BFB465A0001CF90 /* HomeViewController.swift */; };
		DFE839032BFB465A0001CF90 /* HomeViewController.xib in Resources */ = {isa = PBXBuildFile; fileRef = DFE839002BFB465A0001CF90 /* HomeViewController.xib */; };
		DFE839052BFB468F0001CF90 /* HomeReactor.swift in Sources */ = {isa = PBXBuildFile; fileRef = DFE839042BFB468F0001CF90 /* HomeReactor.swift */; };
		DFE839072BFB47FA0001CF90 /* TabBarFlow.swift in Sources */ = {isa = PBXBuildFile; fileRef = DFE839062BFB47FA0001CF90 /* TabBarFlow.swift */; };
		DFE839092BFB4D8A0001CF90 /* HomeFlow.swift in Sources */ = {isa = PBXBuildFile; fileRef = DFE839082BFB4D8A0001CF90 /* HomeFlow.swift */; };
		DFE8390B2BFB4DCF0001CF90 /* HistoryFlow.swift in Sources */ = {isa = PBXBuildFile; fileRef = DFE8390A2BFB4DCF0001CF90 /* HistoryFlow.swift */; };
		DFE8390F2BFB50FD0001CF90 /* HistoryViewController.xib in Resources */ = {isa = PBXBuildFile; fileRef = DFE8390E2BFB50FD0001CF90 /* HistoryViewController.xib */; };
		DFE839102BFB50FD0001CF90 /* HistoryViewController.swift in Sources */ = {isa = PBXBuildFile; fileRef = DFE8390D2BFB50FD0001CF90 /* HistoryViewController.swift */; };
		DFE839122BFB51320001CF90 /* HistoryReactor.swift in Sources */ = {isa = PBXBuildFile; fileRef = DFE839112BFB51320001CF90 /* HistoryReactor.swift */; };
		DFE839162BFB57640001CF90 /* BaseVC.swift in Sources */ = {isa = PBXBuildFile; fileRef = DFE839152BFB57640001CF90 /* BaseVC.swift */; };
		DFE839182BFB58CF0001CF90 /* ReactorBased.swift in Sources */ = {isa = PBXBuildFile; fileRef = DFE839172BFB58CF0001CF90 /* ReactorBased.swift */; };
		DFE8391A2BFB617D0001CF90 /* SplashFlow.swift in Sources */ = {isa = PBXBuildFile; fileRef = DFE839192BFB617D0001CF90 /* SplashFlow.swift */; };
		DFE8391D2BFB988C0001CF90 /* HGCircularSlider in Frameworks */ = {isa = PBXBuildFile; productRef = DFE8391C2BFB988C0001CF90 /* HGCircularSlider */; };
		DFE839202BFB99950001CF90 /* Then in Frameworks */ = {isa = PBXBuildFile; productRef = DFE8391F2BFB99950001CF90 /* Then */; };
		DFE839232BFC84800001CF90 /* UIApplicationEx.swift in Sources */ = {isa = PBXBuildFile; fileRef = DFE839222BFC84800001CF90 /* UIApplicationEx.swift */; };
		DFE839252BFCBA7A0001CF90 /* StringRes.swift in Sources */ = {isa = PBXBuildFile; fileRef = DFE839242BFCBA7A0001CF90 /* StringRes.swift */; };
		DFE839272BFCCD870001CF90 /* UINavigationControllerEx.swift in Sources */ = {isa = PBXBuildFile; fileRef = DFE839262BFCCD870001CF90 /* UINavigationControllerEx.swift */; };
		DFE839292BFCCE6B0001CF90 /* BaseNavigationController.swift in Sources */ = {isa = PBXBuildFile; fileRef = DFE839282BFCCE6B0001CF90 /* BaseNavigationController.swift */; };
/* End PBXBuildFile section */

/* Begin PBXFileReference section */
		DF4FFFEB2BF62C15000D361C /* PomodoroTimer.app */ = {isa = PBXFileReference; explicitFileType = wrapper.application; includeInIndex = 0; path = PomodoroTimer.app; sourceTree = BUILT_PRODUCTS_DIR; };
		DF4FFFEE2BF62C15000D361C /* AppDelegate.swift */ = {isa = PBXFileReference; lastKnownFileType = sourcecode.swift; path = AppDelegate.swift; sourceTree = "<group>"; };
		DF4FFFF02BF62C15000D361C /* SceneDelegate.swift */ = {isa = PBXFileReference; lastKnownFileType = sourcecode.swift; path = SceneDelegate.swift; sourceTree = "<group>"; };
		DF4FFFF72BF62C16000D361C /* Assets.xcassets */ = {isa = PBXFileReference; lastKnownFileType = folder.assetcatalog; path = Assets.xcassets; sourceTree = "<group>"; };
		DF4FFFFA2BF62C16000D361C /* Base */ = {isa = PBXFileReference; lastKnownFileType = file.storyboard; name = Base; path = Base.lproj/LaunchScreen.storyboard; sourceTree = "<group>"; };
		DF4FFFFC2BF62C16000D361C /* Info.plist */ = {isa = PBXFileReference; lastKnownFileType = text.plist.xml; name = Info.plist; path = PomodoroTimer/Supportings/Info.plist; sourceTree = SOURCE_ROOT; };
		DF50F6F72BF8EFCE00DDA1EC /* AppFlow.swift */ = {isa = PBXFileReference; lastKnownFileType = sourcecode.swift; path = AppFlow.swift; sourceTree = "<group>"; };
		DF50F6F92BF8EFD500DDA1EC /* NavigationStep.swift */ = {isa = PBXFileReference; lastKnownFileType = sourcecode.swift; path = NavigationStep.swift; sourceTree = "<group>"; };
		DF50F7012BF8F22900DDA1EC /* AppServices.swift */ = {isa = PBXFileReference; lastKnownFileType = sourcecode.swift; path = AppServices.swift; sourceTree = "<group>"; };
		DF50F7052BF90F5000DDA1EC /* SplashReactor.swift */ = {isa = PBXFileReference; lastKnownFileType = sourcecode.swift; path = SplashReactor.swift; sourceTree = "<group>"; };
		DF50F7092BF914DD00DDA1EC /* SplashViewController.swift */ = {isa = PBXFileReference; lastKnownFileType = sourcecode.swift; path = SplashViewController.swift; sourceTree = "<group>"; };
		DFE838D72BFB1D0F0001CF90 /* Storyboarded.swift */ = {isa = PBXFileReference; lastKnownFileType = sourcecode.swift; path = Storyboarded.swift; sourceTree = "<group>"; };
		DFE838F92BFB266F0001CF90 /* SplashViewController.storyboard */ = {isa = PBXFileReference; lastKnownFileType = file.storyboard; path = SplashViewController.storyboard; sourceTree = "<group>"; };
		DFE838FF2BFB465A0001CF90 /* HomeViewController.swift */ = {isa = PBXFileReference; fileEncoding = 4; lastKnownFileType = sourcecode.swift; path = HomeViewController.swift; sourceTree = "<group>"; };
		DFE839002BFB465A0001CF90 /* HomeViewController.xib */ = {isa = PBXFileReference; fileEncoding = 4; lastKnownFileType = file.xib; path = HomeViewController.xib; sourceTree = "<group>"; };
		DFE839042BFB468F0001CF90 /* HomeReactor.swift */ = {isa = PBXFileReference; lastKnownFileType = sourcecode.swift; path = HomeReactor.swift; sourceTree = "<group>"; };
		DFE839062BFB47FA0001CF90 /* TabBarFlow.swift */ = {isa = PBXFileReference; lastKnownFileType = sourcecode.swift; path = TabBarFlow.swift; sourceTree = "<group>"; };
		DFE839082BFB4D8A0001CF90 /* HomeFlow.swift */ = {isa = PBXFileReference; lastKnownFileType = sourcecode.swift; path = HomeFlow.swift; sourceTree = "<group>"; };
		DFE8390A2BFB4DCF0001CF90 /* HistoryFlow.swift */ = {isa = PBXFileReference; lastKnownFileType = sourcecode.swift; path = HistoryFlow.swift; sourceTree = "<group>"; };
		DFE8390D2BFB50FD0001CF90 /* HistoryViewController.swift */ = {isa = PBXFileReference; lastKnownFileType = sourcecode.swift; path = HistoryViewController.swift; sourceTree = "<group>"; };
		DFE8390E2BFB50FD0001CF90 /* HistoryViewController.xib */ = {isa = PBXFileReference; lastKnownFileType = file.xib; path = HistoryViewController.xib; sourceTree = "<group>"; };
		DFE839112BFB51320001CF90 /* HistoryReactor.swift */ = {isa = PBXFileReference; lastKnownFileType = sourcecode.swift; path = HistoryReactor.swift; sourceTree = "<group>"; };
		DFE839152BFB57640001CF90 /* BaseVC.swift */ = {isa = PBXFileReference; lastKnownFileType = sourcecode.swift; path = BaseVC.swift; sourceTree = "<group>"; };
		DFE839172BFB58CF0001CF90 /* ReactorBased.swift */ = {isa = PBXFileReference; lastKnownFileType = sourcecode.swift; path = ReactorBased.swift; sourceTree = "<group>"; };
		DFE839192BFB617D0001CF90 /* SplashFlow.swift */ = {isa = PBXFileReference; lastKnownFileType = sourcecode.swift; path = SplashFlow.swift; sourceTree = "<group>"; };
		DFE839222BFC84800001CF90 /* UIApplicationEx.swift */ = {isa = PBXFileReference; lastKnownFileType = sourcecode.swift; path = UIApplicationEx.swift; sourceTree = "<group>"; };
		DFE839242BFCBA7A0001CF90 /* StringRes.swift */ = {isa = PBXFileReference; lastKnownFileType = sourcecode.swift; path = StringRes.swift; sourceTree = "<group>"; };
		DFE839262BFCCD870001CF90 /* UINavigationControllerEx.swift */ = {isa = PBXFileReference; lastKnownFileType = sourcecode.swift; path = UINavigationControllerEx.swift; sourceTree = "<group>"; };
		DFE839282BFCCE6B0001CF90 /* BaseNavigationController.swift */ = {isa = PBXFileReference; lastKnownFileType = sourcecode.swift; path = BaseNavigationController.swift; sourceTree = "<group>"; };
/* End PBXFileReference section */

/* Begin PBXFrameworksBuildPhase section */
		DF4FFFE82BF62C15000D361C /* Frameworks */ = {
			isa = PBXFrameworksBuildPhase;
			buildActionMask = 2147483647;
			files = (
				DF84CDBD2BF7B093006C922C /* RxFlow in Frameworks */,
				DFE839202BFB99950001CF90 /* Then in Frameworks */,
				DF4F00082BF62C50000D361C /* RxSwift in Frameworks */,
				DF50F7172BF9FCA100DDA1EC /* Swinject in Frameworks */,
				DF50F7142BF9F49700DDA1EC /* Reusable in Frameworks */,
				DF4F00062BF62C50000D361C /* RxRelay in Frameworks */,
				DF4F000B2BF62C5C000D361C /* ReactorKit in Frameworks */,
				DF4F00042BF62C50000D361C /* RxCocoa in Frameworks */,
				DFE8391D2BFB988C0001CF90 /* HGCircularSlider in Frameworks */,
			);
			runOnlyForDeploymentPostprocessing = 0;
		};
/* End PBXFrameworksBuildPhase section */

/* Begin PBXGroup section */
		DF4FFFE22BF62C15000D361C = {
			isa = PBXGroup;
			children = (
				DF4FFFED2BF62C15000D361C /* PomodoroTimer */,
				DF4FFFEC2BF62C15000D361C /* Products */,
			);
			sourceTree = "<group>";
		};
		DF4FFFEC2BF62C15000D361C /* Products */ = {
			isa = PBXGroup;
			children = (
				DF4FFFEB2BF62C15000D361C /* PomodoroTimer.app */,
			);
			name = Products;
			sourceTree = "<group>";
		};
		DF4FFFED2BF62C15000D361C /* PomodoroTimer */ = {
			isa = PBXGroup;
			children = (
				DFE839212BFC84770001CF90 /* Extensions */,
				DF50F6FD2BF8F04600DDA1EC /* Application */,
				DF50F6F62BF8EFBC00DDA1EC /* Flows */,
				DF50F7002BF8F21E00DDA1EC /* Services */,
				DF50F6FB2BF8F00D00DDA1EC /* Supportings */,
				DF50F6FF2BF8F08A00DDA1EC /* UI */,
				DFE838D62BFB1CDD0001CF90 /* Utils */,
			);
			path = PomodoroTimer;
			sourceTree = "<group>";
		};
		DF50F6F62BF8EFBC00DDA1EC /* Flows */ = {
			isa = PBXGroup;
			children = (
				DF50F6F72BF8EFCE00DDA1EC /* AppFlow.swift */,
				DFE839192BFB617D0001CF90 /* SplashFlow.swift */,
				DF50F6F92BF8EFD500DDA1EC /* NavigationStep.swift */,
				DFE839062BFB47FA0001CF90 /* TabBarFlow.swift */,
				DFE839082BFB4D8A0001CF90 /* HomeFlow.swift */,
				DFE8390A2BFB4DCF0001CF90 /* HistoryFlow.swift */,
			);
			path = Flows;
			sourceTree = "<group>";
		};
		DF50F6FB2BF8F00D00DDA1EC /* Supportings */ = {
			isa = PBXGroup;
			children = (
				DF50F6FE2BF8F07300DDA1EC /* Resources */,
				DF4FFFF92BF62C16000D361C /* LaunchScreen.storyboard */,
				DF4FFFFC2BF62C16000D361C /* Info.plist */,
				DFE839242BFCBA7A0001CF90 /* StringRes.swift */,
			);
			path = Supportings;
			sourceTree = "<group>";
		};
		DF50F6FD2BF8F04600DDA1EC /* Application */ = {
			isa = PBXGroup;
			children = (
				DF4FFFEE2BF62C15000D361C /* AppDelegate.swift */,
				DF4FFFF02BF62C15000D361C /* SceneDelegate.swift */,
			);
			path = Application;
			sourceTree = "<group>";
		};
		DF50F6FE2BF8F07300DDA1EC /* Resources */ = {
			isa = PBXGroup;
			children = (
				DF4FFFF72BF62C16000D361C /* Assets.xcassets */,
			);
			path = Resources;
			sourceTree = "<group>";
		};
		DF50F6FF2BF8F08A00DDA1EC /* UI */ = {
			isa = PBXGroup;
			children = (
				DFE8390C2BFB50F10001CF90 /* History */,
				DFE839012BFB465A0001CF90 /* Home */,
				DF50F7042BF90F4900DDA1EC /* Splash */,
			);
			path = UI;
			sourceTree = "<group>";
		};
		DF50F7002BF8F21E00DDA1EC /* Services */ = {
			isa = PBXGroup;
			children = (
				DF50F7012BF8F22900DDA1EC /* AppServices.swift */,
			);
			path = Services;
			sourceTree = "<group>";
		};
		DF50F7042BF90F4900DDA1EC /* Splash */ = {
			isa = PBXGroup;
			children = (
				DF50F7052BF90F5000DDA1EC /* SplashReactor.swift */,
				DF50F7092BF914DD00DDA1EC /* SplashViewController.swift */,
				DFE838F92BFB266F0001CF90 /* SplashViewController.storyboard */,
			);
			path = Splash;
			sourceTree = "<group>";
		};
		DFE838D62BFB1CDD0001CF90 /* Utils */ = {
			isa = PBXGroup;
			children = (
				DFE838D72BFB1D0F0001CF90 /* Storyboarded.swift */,
				DFE839172BFB58CF0001CF90 /* ReactorBased.swift */,
				DFE839152BFB57640001CF90 /* BaseVC.swift */,
				DFE839282BFCCE6B0001CF90 /* BaseNavigationController.swift */,
			);
			path = Utils;
			sourceTree = "<group>";
		};
		DFE839012BFB465A0001CF90 /* Home */ = {
			isa = PBXGroup;
			children = (
				DFE838FF2BFB465A0001CF90 /* HomeViewController.swift */,
				DFE839002BFB465A0001CF90 /* HomeViewController.xib */,
				DFE839042BFB468F0001CF90 /* HomeReactor.swift */,
			);
			path = Home;
			sourceTree = "<group>";
		};
		DFE8390C2BFB50F10001CF90 /* History */ = {
			isa = PBXGroup;
			children = (
				DFE8390D2BFB50FD0001CF90 /* HistoryViewController.swift */,
				DFE8390E2BFB50FD0001CF90 /* HistoryViewController.xib */,
				DFE839112BFB51320001CF90 /* HistoryReactor.swift */,
			);
			path = History;
			sourceTree = "<group>";
		};
		DFE839212BFC84770001CF90 /* Extensions */ = {
			isa = PBXGroup;
			children = (
				DFE839222BFC84800001CF90 /* UIApplicationEx.swift */,
				DFE839262BFCCD870001CF90 /* UINavigationControllerEx.swift */,
			);
			path = Extensions;
			sourceTree = "<group>";
		};
/* End PBXGroup section */

/* Begin PBXNativeTarget section */
		DF4FFFEA2BF62C15000D361C /* PomodoroTimer */ = {
			isa = PBXNativeTarget;
			buildConfigurationList = DF4FFFFF2BF62C16000D361C /* Build configuration list for PBXNativeTarget "PomodoroTimer" */;
			buildPhases = (
				DF4FFFE72BF62C15000D361C /* Sources */,
				DF4FFFE82BF62C15000D361C /* Frameworks */,
				DF4FFFE92BF62C15000D361C /* Resources */,
			);
			buildRules = (
			);
			dependencies = (
			);
			name = PomodoroTimer;
			packageProductDependencies = (
				DF4F00032BF62C50000D361C /* RxCocoa */,
				DF4F00052BF62C50000D361C /* RxRelay */,
				DF4F00072BF62C50000D361C /* RxSwift */,
				DF4F000A2BF62C5C000D361C /* ReactorKit */,
				DF84CDBC2BF7B093006C922C /* RxFlow */,
				DF50F7132BF9F49700DDA1EC /* Reusable */,
				DF50F7162BF9FCA100DDA1EC /* Swinject */,
				DFE8391C2BFB988C0001CF90 /* HGCircularSlider */,
				DFE8391F2BFB99950001CF90 /* Then */,
			);
			productName = PomodoroTimer;
			productReference = DF4FFFEB2BF62C15000D361C /* PomodoroTimer.app */;
			productType = "com.apple.product-type.application";
		};
/* End PBXNativeTarget section */

/* Begin PBXProject section */
		DF4FFFE32BF62C15000D361C /* Project object */ = {
			isa = PBXProject;
			attributes = {
				BuildIndependentTargetsInParallel = 1;
				LastSwiftUpdateCheck = 1530;
				LastUpgradeCheck = 1530;
				TargetAttributes = {
					DF4FFFEA2BF62C15000D361C = {
						CreatedOnToolsVersion = 15.3;
					};
				};
			};
			buildConfigurationList = DF4FFFE62BF62C15000D361C /* Build configuration list for PBXProject "PomodoroTimer" */;
			compatibilityVersion = "Xcode 14.0";
			developmentRegion = en;
			hasScannedForEncodings = 0;
			knownRegions = (
				en,
				Base,
			);
			mainGroup = DF4FFFE22BF62C15000D361C;
			packageReferences = (
				DF4F00022BF62C50000D361C /* XCRemoteSwiftPackageReference "RxSwift" */,
				DF4F00092BF62C5C000D361C /* XCRemoteSwiftPackageReference "ReactorKit" */,
				DF84CDBB2BF7B093006C922C /* XCRemoteSwiftPackageReference "RxFlow" */,
				DF50F7122BF9F49700DDA1EC /* XCRemoteSwiftPackageReference "Reusable" */,
				DF50F7152BF9FCA100DDA1EC /* XCRemoteSwiftPackageReference "Swinject" */,
				DFE8391B2BFB988C0001CF90 /* XCRemoteSwiftPackageReference "HGCircularSlider" */,
				DFE8391E2BFB99950001CF90 /* XCRemoteSwiftPackageReference "Then" */,
			);
			productRefGroup = DF4FFFEC2BF62C15000D361C /* Products */;
			projectDirPath = "";
			projectRoot = "";
			targets = (
				DF4FFFEA2BF62C15000D361C /* PomodoroTimer */,
			);
		};
/* End PBXProject section */

/* Begin PBXResourcesBuildPhase section */
		DF4FFFE92BF62C15000D361C /* Resources */ = {
			isa = PBXResourcesBuildPhase;
			buildActionMask = 2147483647;
			files = (
				DF4FFFF82BF62C16000D361C /* Assets.xcassets in Resources */,
				DFE838FA2BFB266F0001CF90 /* SplashViewController.storyboard in Resources */,
				DF4FFFFB2BF62C16000D361C /* Base in Resources */,
				DFE8390F2BFB50FD0001CF90 /* HistoryViewController.xib in Resources */,
				DFE839032BFB465A0001CF90 /* HomeViewController.xib in Resources */,
			);
			runOnlyForDeploymentPostprocessing = 0;
		};
/* End PBXResourcesBuildPhase section */

/* Begin PBXSourcesBuildPhase section */
		DF4FFFE72BF62C15000D361C /* Sources */ = {
			isa = PBXSourcesBuildPhase;
			buildActionMask = 2147483647;
			files = (
				DF50F6F82BF8EFCE00DDA1EC /* AppFlow.swift in Sources */,
				DFE839122BFB51320001CF90 /* HistoryReactor.swift in Sources */,
				DFE839272BFCCD870001CF90 /* UINavigationControllerEx.swift in Sources */,
				DF50F6FA2BF8EFD500DDA1EC /* NavigationStep.swift in Sources */,
				DFE838D82BFB1D0F0001CF90 /* Storyboarded.swift in Sources */,
				DFE839232BFC84800001CF90 /* UIApplicationEx.swift in Sources */,
				DFE8390B2BFB4DCF0001CF90 /* HistoryFlow.swift in Sources */,
				DFE839052BFB468F0001CF90 /* HomeReactor.swift in Sources */,
				DFE839252BFCBA7A0001CF90 /* StringRes.swift in Sources */,
				DFE839102BFB50FD0001CF90 /* HistoryViewController.swift in Sources */,
				DF50F7062BF90F5000DDA1EC /* SplashReactor.swift in Sources */,
				DF50F7022BF8F22900DDA1EC /* AppServices.swift in Sources */,
				DFE839072BFB47FA0001CF90 /* TabBarFlow.swift in Sources */,
				DFE839022BFB465A0001CF90 /* HomeViewController.swift in Sources */,
				DFE839182BFB58CF0001CF90 /* ReactorBased.swift in Sources */,
				DFE839162BFB57640001CF90 /* BaseVC.swift in Sources */,
				DF4FFFEF2BF62C15000D361C /* AppDelegate.swift in Sources */,
				DF4FFFF12BF62C15000D361C /* SceneDelegate.swift in Sources */,
				DFE839292BFCCE6B0001CF90 /* BaseNavigationController.swift in Sources */,
				DFE839092BFB4D8A0001CF90 /* HomeFlow.swift in Sources */,
				DFE8391A2BFB617D0001CF90 /* SplashFlow.swift in Sources */,
				DF50F70C2BF914DD00DDA1EC /* SplashViewController.swift in Sources */,
			);
			runOnlyForDeploymentPostprocessing = 0;
		};
/* End PBXSourcesBuildPhase section */

/* Begin PBXVariantGroup section */
		DF4FFFF92BF62C16000D361C /* LaunchScreen.storyboard */ = {
			isa = PBXVariantGroup;
			children = (
				DF4FFFFA2BF62C16000D361C /* Base */,
			);
			name = LaunchScreen.storyboard;
			path = PomodoroTimer/Supportings;
			sourceTree = SOURCE_ROOT;
		};
/* End PBXVariantGroup section */

/* Begin XCBuildConfiguration section */
		DF4F00002BF62C16000D361C /* Debug */ = {
			isa = XCBuildConfiguration;
			buildSettings = {
				ASSETCATALOG_COMPILER_APPICON_NAME = AppIcon;
				ASSETCATALOG_COMPILER_GLOBAL_ACCENT_COLOR_NAME = AccentColor;
				CODE_SIGN_STYLE = Automatic;
				CURRENT_PROJECT_VERSION = 1;
				DEVELOPMENT_TEAM = M8R22ZKQC4;
				GENERATE_INFOPLIST_FILE = YES;
				INFOPLIST_FILE = PomodoroTimer/Supportings/Info.plist;
				INFOPLIST_KEY_UIApplicationSupportsIndirectInputEvents = YES;
				INFOPLIST_KEY_UILaunchStoryboardName = LaunchScreen.storyboard;
				INFOPLIST_KEY_UIStatusBarStyle = "";
				INFOPLIST_KEY_UISupportedInterfaceOrientations = UIInterfaceOrientationPortrait;
				IPHONEOS_DEPLOYMENT_TARGET = 17.0;
				LD_RUNPATH_SEARCH_PATHS = (
					"$(inherited)",
					"@executable_path/Frameworks",
				);
				MARKETING_VERSION = 1.0;
				PRODUCT_BUNDLE_IDENTIFIER = com.conner.PomodoroTimer;
				PRODUCT_NAME = "$(TARGET_NAME)";
				SUPPORTED_PLATFORMS = "iphoneos iphonesimulator";
				SUPPORTS_MACCATALYST = NO;
				SUPPORTS_XR_DESIGNED_FOR_IPHONE_IPAD = NO;
				SWIFT_EMIT_LOC_STRINGS = YES;
				SWIFT_VERSION = 5.0;
				TARGETED_DEVICE_FAMILY = "1,2";
			};
			name = Debug;
		};
		DF4F00012BF62C16000D361C /* Release */ = {
			isa = XCBuildConfiguration;
			buildSettings = {
				ASSETCATALOG_COMPILER_APPICON_NAME = AppIcon;
				ASSETCATALOG_COMPILER_GLOBAL_ACCENT_COLOR_NAME = AccentColor;
				CODE_SIGN_STYLE = Automatic;
				CURRENT_PROJECT_VERSION = 1;
				DEVELOPMENT_TEAM = M8R22ZKQC4;
				GENERATE_INFOPLIST_FILE = YES;
				INFOPLIST_FILE = PomodoroTimer/Supportings/Info.plist;
				INFOPLIST_KEY_UIApplicationSupportsIndirectInputEvents = YES;
				INFOPLIST_KEY_UILaunchStoryboardName = LaunchScreen.storyboard;
				INFOPLIST_KEY_UIStatusBarStyle = "";
				INFOPLIST_KEY_UISupportedInterfaceOrientations = UIInterfaceOrientationPortrait;
				IPHONEOS_DEPLOYMENT_TARGET = 17.0;
				LD_RUNPATH_SEARCH_PATHS = (
					"$(inherited)",
					"@executable_path/Frameworks",
				);
				MARKETING_VERSION = 1.0;
				PRODUCT_BUNDLE_IDENTIFIER = com.conner.PomodoroTimer;
				PRODUCT_NAME = "$(TARGET_NAME)";
				SUPPORTED_PLATFORMS = "iphoneos iphonesimulator";
				SUPPORTS_MACCATALYST = NO;
				SUPPORTS_XR_DESIGNED_FOR_IPHONE_IPAD = NO;
				SWIFT_EMIT_LOC_STRINGS = YES;
				SWIFT_VERSION = 5.0;
				TARGETED_DEVICE_FAMILY = "1,2";
			};
			name = Release;
		};
		DF4FFFFD2BF62C16000D361C /* Debug */ = {
			isa = XCBuildConfiguration;
			buildSettings = {
				ALWAYS_SEARCH_USER_PATHS = NO;
				ASSETCATALOG_COMPILER_GENERATE_SWIFT_ASSET_SYMBOL_EXTENSIONS = YES;
				CLANG_ANALYZER_NONNULL = YES;
				CLANG_ANALYZER_NUMBER_OBJECT_CONVERSION = YES_AGGRESSIVE;
				CLANG_CXX_LANGUAGE_STANDARD = "gnu++20";
				CLANG_ENABLE_MODULES = YES;
				CLANG_ENABLE_OBJC_ARC = YES;
				CLANG_ENABLE_OBJC_WEAK = YES;
				CLANG_WARN_BLOCK_CAPTURE_AUTORELEASING = YES;
				CLANG_WARN_BOOL_CONVERSION = YES;
				CLANG_WARN_COMMA = YES;
				CLANG_WARN_CONSTANT_CONVERSION = YES;
				CLANG_WARN_DEPRECATED_OBJC_IMPLEMENTATIONS = YES;
				CLANG_WARN_DIRECT_OBJC_ISA_USAGE = YES_ERROR;
				CLANG_WARN_DOCUMENTATION_COMMENTS = YES;
				CLANG_WARN_EMPTY_BODY = YES;
				CLANG_WARN_ENUM_CONVERSION = YES;
				CLANG_WARN_INFINITE_RECURSION = YES;
				CLANG_WARN_INT_CONVERSION = YES;
				CLANG_WARN_NON_LITERAL_NULL_CONVERSION = YES;
				CLANG_WARN_OBJC_IMPLICIT_RETAIN_SELF = YES;
				CLANG_WARN_OBJC_LITERAL_CONVERSION = YES;
				CLANG_WARN_OBJC_ROOT_CLASS = YES_ERROR;
				CLANG_WARN_QUOTED_INCLUDE_IN_FRAMEWORK_HEADER = YES;
				CLANG_WARN_RANGE_LOOP_ANALYSIS = YES;
				CLANG_WARN_STRICT_PROTOTYPES = YES;
				CLANG_WARN_SUSPICIOUS_MOVE = YES;
				CLANG_WARN_UNGUARDED_AVAILABILITY = YES_AGGRESSIVE;
				CLANG_WARN_UNREACHABLE_CODE = YES;
				CLANG_WARN__DUPLICATE_METHOD_MATCH = YES;
				COPY_PHASE_STRIP = NO;
				DEBUG_INFORMATION_FORMAT = dwarf;
				ENABLE_STRICT_OBJC_MSGSEND = YES;
				ENABLE_TESTABILITY = YES;
				ENABLE_USER_SCRIPT_SANDBOXING = YES;
				GCC_C_LANGUAGE_STANDARD = gnu17;
				GCC_DYNAMIC_NO_PIC = NO;
				GCC_NO_COMMON_BLOCKS = YES;
				GCC_OPTIMIZATION_LEVEL = 0;
				GCC_PREPROCESSOR_DEFINITIONS = (
					"DEBUG=1",
					"$(inherited)",
				);
				GCC_WARN_64_TO_32_BIT_CONVERSION = YES;
				GCC_WARN_ABOUT_RETURN_TYPE = YES_ERROR;
				GCC_WARN_UNDECLARED_SELECTOR = YES;
				GCC_WARN_UNINITIALIZED_AUTOS = YES_AGGRESSIVE;
				GCC_WARN_UNUSED_FUNCTION = YES;
				GCC_WARN_UNUSED_VARIABLE = YES;
				IPHONEOS_DEPLOYMENT_TARGET = 17.4;
				LOCALIZATION_PREFERS_STRING_CATALOGS = YES;
				MTL_ENABLE_DEBUG_INFO = INCLUDE_SOURCE;
				MTL_FAST_MATH = YES;
				ONLY_ACTIVE_ARCH = YES;
				SDKROOT = iphoneos;
				SWIFT_ACTIVE_COMPILATION_CONDITIONS = "DEBUG $(inherited)";
				SWIFT_OPTIMIZATION_LEVEL = "-Onone";
			};
			name = Debug;
		};
		DF4FFFFE2BF62C16000D361C /* Release */ = {
			isa = XCBuildConfiguration;
			buildSettings = {
				ALWAYS_SEARCH_USER_PATHS = NO;
				ASSETCATALOG_COMPILER_GENERATE_SWIFT_ASSET_SYMBOL_EXTENSIONS = YES;
				CLANG_ANALYZER_NONNULL = YES;
				CLANG_ANALYZER_NUMBER_OBJECT_CONVERSION = YES_AGGRESSIVE;
				CLANG_CXX_LANGUAGE_STANDARD = "gnu++20";
				CLANG_ENABLE_MODULES = YES;
				CLANG_ENABLE_OBJC_ARC = YES;
				CLANG_ENABLE_OBJC_WEAK = YES;
				CLANG_WARN_BLOCK_CAPTURE_AUTORELEASING = YES;
				CLANG_WARN_BOOL_CONVERSION = YES;
				CLANG_WARN_COMMA = YES;
				CLANG_WARN_CONSTANT_CONVERSION = YES;
				CLANG_WARN_DEPRECATED_OBJC_IMPLEMENTATIONS = YES;
				CLANG_WARN_DIRECT_OBJC_ISA_USAGE = YES_ERROR;
				CLANG_WARN_DOCUMENTATION_COMMENTS = YES;
				CLANG_WARN_EMPTY_BODY = YES;
				CLANG_WARN_ENUM_CONVERSION = YES;
				CLANG_WARN_INFINITE_RECURSION = YES;
				CLANG_WARN_INT_CONVERSION = YES;
				CLANG_WARN_NON_LITERAL_NULL_CONVERSION = YES;
				CLANG_WARN_OBJC_IMPLICIT_RETAIN_SELF = YES;
				CLANG_WARN_OBJC_LITERAL_CONVERSION = YES;
				CLANG_WARN_OBJC_ROOT_CLASS = YES_ERROR;
				CLANG_WARN_QUOTED_INCLUDE_IN_FRAMEWORK_HEADER = YES;
				CLANG_WARN_RANGE_LOOP_ANALYSIS = YES;
				CLANG_WARN_STRICT_PROTOTYPES = YES;
				CLANG_WARN_SUSPICIOUS_MOVE = YES;
				CLANG_WARN_UNGUARDED_AVAILABILITY = YES_AGGRESSIVE;
				CLANG_WARN_UNREACHABLE_CODE = YES;
				CLANG_WARN__DUPLICATE_METHOD_MATCH = YES;
				COPY_PHASE_STRIP = NO;
				DEBUG_INFORMATION_FORMAT = "dwarf-with-dsym";
				ENABLE_NS_ASSERTIONS = NO;
				ENABLE_STRICT_OBJC_MSGSEND = YES;
				ENABLE_USER_SCRIPT_SANDBOXING = YES;
				GCC_C_LANGUAGE_STANDARD = gnu17;
				GCC_NO_COMMON_BLOCKS = YES;
				GCC_WARN_64_TO_32_BIT_CONVERSION = YES;
				GCC_WARN_ABOUT_RETURN_TYPE = YES_ERROR;
				GCC_WARN_UNDECLARED_SELECTOR = YES;
				GCC_WARN_UNINITIALIZED_AUTOS = YES_AGGRESSIVE;
				GCC_WARN_UNUSED_FUNCTION = YES;
				GCC_WARN_UNUSED_VARIABLE = YES;
				IPHONEOS_DEPLOYMENT_TARGET = 17.4;
				LOCALIZATION_PREFERS_STRING_CATALOGS = YES;
				MTL_ENABLE_DEBUG_INFO = NO;
				MTL_FAST_MATH = YES;
				SDKROOT = iphoneos;
				SWIFT_COMPILATION_MODE = wholemodule;
				VALIDATE_PRODUCT = YES;
			};
			name = Release;
		};
/* End XCBuildConfiguration section */

/* Begin XCConfigurationList section */
		DF4FFFE62BF62C15000D361C /* Build configuration list for PBXProject "PomodoroTimer" */ = {
			isa = XCConfigurationList;
			buildConfigurations = (
				DF4FFFFD2BF62C16000D361C /* Debug */,
				DF4FFFFE2BF62C16000D361C /* Release */,
			);
			defaultConfigurationIsVisible = 0;
			defaultConfigurationName = Release;
		};
		DF4FFFFF2BF62C16000D361C /* Build configuration list for PBXNativeTarget "PomodoroTimer" */ = {
			isa = XCConfigurationList;
			buildConfigurations = (
				DF4F00002BF62C16000D361C /* Debug */,
				DF4F00012BF62C16000D361C /* Release */,
			);
			defaultConfigurationIsVisible = 0;
			defaultConfigurationName = Release;
		};
/* End XCConfigurationList section */

/* Begin XCRemoteSwiftPackageReference section */
		DF4F00022BF62C50000D361C /* XCRemoteSwiftPackageReference "RxSwift" */ = {
			isa = XCRemoteSwiftPackageReference;
			repositoryURL = "https://github.com/ReactiveX/RxSwift.git";
			requirement = {
				kind = upToNextMajorVersion;
				minimumVersion = 6.7.1;
			};
		};
		DF4F00092BF62C5C000D361C /* XCRemoteSwiftPackageReference "ReactorKit" */ = {
			isa = XCRemoteSwiftPackageReference;
			repositoryURL = "https://github.com/ReactorKit/ReactorKit.git";
			requirement = {
				kind = upToNextMajorVersion;
				minimumVersion = 3.2.0;
			};
		};
		DF50F7122BF9F49700DDA1EC /* XCRemoteSwiftPackageReference "Reusable" */ = {
			isa = XCRemoteSwiftPackageReference;
			repositoryURL = "https://github.com/AliSoftware/Reusable.git";
			requirement = {
				kind = upToNextMajorVersion;
				minimumVersion = 4.1.2;
			};
		};
		DF50F7152BF9FCA100DDA1EC /* XCRemoteSwiftPackageReference "Swinject" */ = {
			isa = XCRemoteSwiftPackageReference;
			repositoryURL = "https://github.com/Swinject/Swinject.git";
			requirement = {
				kind = upToNextMajorVersion;
				minimumVersion = 2.8.8;
			};
		};
		DF84CDBB2BF7B093006C922C /* XCRemoteSwiftPackageReference "RxFlow" */ = {
			isa = XCRemoteSwiftPackageReference;
			repositoryURL = "https://github.com/RxSwiftCommunity/RxFlow.git";
			requirement = {
				kind = upToNextMajorVersion;
				minimumVersion = 2.13.0;
			};
		};
		DFE8391B2BFB988C0001CF90 /* XCRemoteSwiftPackageReference "HGCircularSlider" */ = {
			isa = XCRemoteSwiftPackageReference;
			repositoryURL = "https://github.com/HamzaGhazouani/HGCircularSlider.git";
			requirement = {
				kind = upToNextMajorVersion;
				minimumVersion = 2.2.1;
			};
		};
		DFE8391E2BFB99950001CF90 /* XCRemoteSwiftPackageReference "Then" */ = {
			isa = XCRemoteSwiftPackageReference;
			repositoryURL = "https://github.com/devxoul/Then.git";
			requirement = {
				kind = upToNextMajorVersion;
				minimumVersion = 3.0.0;
			};
		};
/* End XCRemoteSwiftPackageReference section */

/* Begin XCSwiftPackageProductDependency section */
		DF4F00032BF62C50000D361C /* RxCocoa */ = {
			isa = XCSwiftPackageProductDependency;
			package = DF4F00022BF62C50000D361C /* XCRemoteSwiftPackageReference "RxSwift" */;
			productName = RxCocoa;
		};
		DF4F00052BF62C50000D361C /* RxRelay */ = {
			isa = XCSwiftPackageProductDependency;
			package = DF4F00022BF62C50000D361C /* XCRemoteSwiftPackageReference "RxSwift" */;
			productName = RxRelay;
		};
		DF4F00072BF62C50000D361C /* RxSwift */ = {
			isa = XCSwiftPackageProductDependency;
			package = DF4F00022BF62C50000D361C /* XCRemoteSwiftPackageReference "RxSwift" */;
			productName = RxSwift;
		};
		DF4F000A2BF62C5C000D361C /* ReactorKit */ = {
			isa = XCSwiftPackageProductDependency;
			package = DF4F00092BF62C5C000D361C /* XCRemoteSwiftPackageReference "ReactorKit" */;
			productName = ReactorKit;
		};
		DF50F7132BF9F49700DDA1EC /* Reusable */ = {
			isa = XCSwiftPackageProductDependency;
			package = DF50F7122BF9F49700DDA1EC /* XCRemoteSwiftPackageReference "Reusable" */;
			productName = Reusable;
		};
		DF50F7162BF9FCA100DDA1EC /* Swinject */ = {
			isa = XCSwiftPackageProductDependency;
			package = DF50F7152BF9FCA100DDA1EC /* XCRemoteSwiftPackageReference "Swinject" */;
			productName = Swinject;
		};
		DF84CDBC2BF7B093006C922C /* RxFlow */ = {
			isa = XCSwiftPackageProductDependency;
			package = DF84CDBB2BF7B093006C922C /* XCRemoteSwiftPackageReference "RxFlow" */;
			productName = RxFlow;
		};
		DFE8391C2BFB988C0001CF90 /* HGCircularSlider */ = {
			isa = XCSwiftPackageProductDependency;
			package = DFE8391B2BFB988C0001CF90 /* XCRemoteSwiftPackageReference "HGCircularSlider" */;
			productName = HGCircularSlider;
		};
		DFE8391F2BFB99950001CF90 /* Then */ = {
			isa = XCSwiftPackageProductDependency;
			package = DFE8391E2BFB99950001CF90 /* XCRemoteSwiftPackageReference "Then" */;
			productName = Then;
		};
/* End XCSwiftPackageProductDependency section */
	};
	rootObject = DF4FFFE32BF62C15000D361C /* Project object */;
}
